// !$*UTF8*$!
{
	archiveVersion = 1;
	classes = {
	};
	objectVersion = 55;
	objects = {

/* Begin PBXBuildFile section */
		1963A7212788DF5A00B7E619 /* PostRepository.swift in Sources */ = {isa = PBXBuildFile; fileRef = 1963A7202788DF5A00B7E619 /* PostRepository.swift */; };
		1963A7232788F08200B7E619 /* TodosRepository.swift in Sources */ = {isa = PBXBuildFile; fileRef = 1963A7222788F08200B7E619 /* TodosRepository.swift */; };
		1963A7252788F12C00B7E619 /* AddTodoView.swift in Sources */ = {isa = PBXBuildFile; fileRef = 1963A7242788F12C00B7E619 /* AddTodoView.swift */; };
		199E271A277B8AB500CE6905 /* ProductCategory.swift in Sources */ = {isa = PBXBuildFile; fileRef = 199E2719277B8AB500CE6905 /* ProductCategory.swift */; };
		199E271C277B9E6B00CE6905 /* ButtonStyle.swift in Sources */ = {isa = PBXBuildFile; fileRef = 199E271B277B9E6B00CE6905 /* ButtonStyle.swift */; };
		199EF1062781C01B00F073AA /* E-Commerce-View.swift in Sources */ = {isa = PBXBuildFile; fileRef = 199EF1052781C01B00F073AA /* E-Commerce-View.swift */; };
		199EF1082781C8BB00F073AA /* TabButtonView.swift in Sources */ = {isa = PBXBuildFile; fileRef = 199EF1072781C8BB00F073AA /* TabButtonView.swift */; };
		199EF10B2781D6CE00F073AA /* E-Commer-item.swift in Sources */ = {isa = PBXBuildFile; fileRef = 199EF10A2781D6CE00F073AA /* E-Commer-item.swift */; };
		199EF10D2781E4F700F073AA /* E-Commer-CardView.swift in Sources */ = {isa = PBXBuildFile; fileRef = 199EF10C2781E4F700F073AA /* E-Commer-CardView.swift */; };
		199EF10F2781F2D800F073AA /* E-CommerceDetail.swift in Sources */ = {isa = PBXBuildFile; fileRef = 199EF10E2781F2D800F073AA /* E-CommerceDetail.swift */; };
		199EF11127821ED400F073AA /* E-Com-CustomShape.swift in Sources */ = {isa = PBXBuildFile; fileRef = 199EF11027821ED400F073AA /* E-Com-CustomShape.swift */; };
		199EF11327843F6900F073AA /* PersonInfo.swift in Sources */ = {isa = PBXBuildFile; fileRef = 199EF11227843F6900F073AA /* PersonInfo.swift */; };
		199EF11727844E4400F073AA /* PersonCV.swift in Sources */ = {isa = PBXBuildFile; fileRef = 199EF11627844E4400F073AA /* PersonCV.swift */; };
		19C1DC91278759EC00409CDC /* WebApi.swift in Sources */ = {isa = PBXBuildFile; fileRef = 19C1DC90278759EC00409CDC /* WebApi.swift */; };
		19C1DC9427875A5900409CDC /* userModel.swift in Sources */ = {isa = PBXBuildFile; fileRef = 19C1DC9327875A5900409CDC /* userModel.swift */; };
		19C1DC9627875C4900409CDC /* postModel.swift in Sources */ = {isa = PBXBuildFile; fileRef = 19C1DC9527875C4900409CDC /* postModel.swift */; };
		19C1DC9827875D1800409CDC /* commentModel.swift in Sources */ = {isa = PBXBuildFile; fileRef = 19C1DC9727875D1800409CDC /* commentModel.swift */; };
		19C1DC9A27875D7C00409CDC /* albumModel.swift in Sources */ = {isa = PBXBuildFile; fileRef = 19C1DC9927875D7C00409CDC /* albumModel.swift */; };
		19C1DC9C27875DA800409CDC /* photoModel.swift in Sources */ = {isa = PBXBuildFile; fileRef = 19C1DC9B27875DA800409CDC /* photoModel.swift */; };
		19C1DC9E27875E2F00409CDC /* todoModel.swift in Sources */ = {isa = PBXBuildFile; fileRef = 19C1DC9D27875E2F00409CDC /* todoModel.swift */; };
		19C1DCA027875F1100409CDC /* jsonRepository.swift in Sources */ = {isa = PBXBuildFile; fileRef = 19C1DC9F27875F1100409CDC /* jsonRepository.swift */; };
		19C1DCA227875F3800409CDC /* jsonViewSample.swift in Sources */ = {isa = PBXBuildFile; fileRef = 19C1DCA127875F3800409CDC /* jsonViewSample.swift */; };
		19C1DCA52787883D00409CDC /* Alamofire in Frameworks */ = {isa = PBXBuildFile; productRef = 19C1DCA42787883D00409CDC /* Alamofire */; };
		19C1DCA72787892500409CDC /* GenericRepository.swift in Sources */ = {isa = PBXBuildFile; fileRef = 19C1DCA62787892500409CDC /* GenericRepository.swift */; };
		19C1DCA92787896300409CDC /* jsonGenericRepoView.swift in Sources */ = {isa = PBXBuildFile; fileRef = 19C1DCA82787896300409CDC /* jsonGenericRepoView.swift */; };
		19C1DCAB27879C7400409CDC /* ProductModel.swift in Sources */ = {isa = PBXBuildFile; fileRef = 19C1DCAA27879C7400409CDC /* ProductModel.swift */; };
		19C1DCAD27879CB600409CDC /* ProductAlamofireExample.swift in Sources */ = {isa = PBXBuildFile; fileRef = 19C1DCAC27879CB600409CDC /* ProductAlamofireExample.swift */; };
		19C1DCAF2787A30A00409CDC /* GenericRepoView.swift in Sources */ = {isa = PBXBuildFile; fileRef = 19C1DCAE2787A30A00409CDC /* GenericRepoView.swift */; };
		19C1DCB22787A64F00409CDC /* URLImage in Frameworks */ = {isa = PBXBuildFile; productRef = 19C1DCB12787A64F00409CDC /* URLImage */; };
		19C3861327777F6D0020161F /* Swift_100days_CodingApp.swift in Sources */ = {isa = PBXBuildFile; fileRef = 19C3861227777F6D0020161F /* Swift_100days_CodingApp.swift */; };
		19C3861527777F6D0020161F /* ContentView.swift in Sources */ = {isa = PBXBuildFile; fileRef = 19C3861427777F6D0020161F /* ContentView.swift */; };
		19C3861727777F6F0020161F /* Assets.xcassets in Resources */ = {isa = PBXBuildFile; fileRef = 19C3861627777F6F0020161F /* Assets.xcassets */; };
		19C3861A27777F6F0020161F /* Preview Assets.xcassets in Resources */ = {isa = PBXBuildFile; fileRef = 19C3861927777F6F0020161F /* Preview Assets.xcassets */; };
		19C386242777900B0020161F /* SwiftUIView-1-Beginning.swift in Sources */ = {isa = PBXBuildFile; fileRef = 19C386232777900B0020161F /* SwiftUIView-1-Beginning.swift */; };
		19C38627277B3E830020161F /* Product.swift in Sources */ = {isa = PBXBuildFile; fileRef = 19C38626277B3E820020161F /* Product.swift */; };
		19C38629277B3F210020161F /* ProductSampleView.swift in Sources */ = {isa = PBXBuildFile; fileRef = 19C38628277B3F210020161F /* ProductSampleView.swift */; };
		19D93042278639BB00628283 /* OrderModel.swift in Sources */ = {isa = PBXBuildFile; fileRef = 19D93041278639BA00628283 /* OrderModel.swift */; };
		19D93044278639CE00628283 /* OrderRepository.swift in Sources */ = {isa = PBXBuildFile; fileRef = 19D93043278639CE00628283 /* OrderRepository.swift */; };
		19D93046278639DF00628283 /* OrderView.swift in Sources */ = {isa = PBXBuildFile; fileRef = 19D93045278639DF00628283 /* OrderView.swift */; };
/* End PBXBuildFile section */

/* Begin PBXFileReference section */
		1963A7202788DF5A00B7E619 /* PostRepository.swift */ = {isa = PBXFileReference; lastKnownFileType = sourcecode.swift; path = PostRepository.swift; sourceTree = "<group>"; };
		1963A7222788F08200B7E619 /* TodosRepository.swift */ = {isa = PBXFileReference; lastKnownFileType = sourcecode.swift; path = TodosRepository.swift; sourceTree = "<group>"; };
		1963A7242788F12C00B7E619 /* AddTodoView.swift */ = {isa = PBXFileReference; lastKnownFileType = sourcecode.swift; path = AddTodoView.swift; sourceTree = "<group>"; };
		199E2719277B8AB500CE6905 /* ProductCategory.swift */ = {isa = PBXFileReference; lastKnownFileType = sourcecode.swift; path = ProductCategory.swift; sourceTree = "<group>"; };
		199E271B277B9E6B00CE6905 /* ButtonStyle.swift */ = {isa = PBXFileReference; lastKnownFileType = sourcecode.swift; path = ButtonStyle.swift; sourceTree = "<group>"; };
		199EF1052781C01B00F073AA /* E-Commerce-View.swift */ = {isa = PBXFileReference; lastKnownFileType = sourcecode.swift; path = "E-Commerce-View.swift"; sourceTree = "<group>"; };
		199EF1072781C8BB00F073AA /* TabButtonView.swift */ = {isa = PBXFileReference; lastKnownFileType = sourcecode.swift; path = TabButtonView.swift; sourceTree = "<group>"; };
		199EF10A2781D6CE00F073AA /* E-Commer-item.swift */ = {isa = PBXFileReference; lastKnownFileType = sourcecode.swift; path = "E-Commer-item.swift"; sourceTree = "<group>"; };
		199EF10C2781E4F700F073AA /* E-Commer-CardView.swift */ = {isa = PBXFileReference; lastKnownFileType = sourcecode.swift; path = "E-Commer-CardView.swift"; sourceTree = "<group>"; };
		199EF10E2781F2D800F073AA /* E-CommerceDetail.swift */ = {isa = PBXFileReference; lastKnownFileType = sourcecode.swift; path = "E-CommerceDetail.swift"; sourceTree = "<group>"; };
		199EF11027821ED400F073AA /* E-Com-CustomShape.swift */ = {isa = PBXFileReference; lastKnownFileType = sourcecode.swift; path = "E-Com-CustomShape.swift"; sourceTree = "<group>"; };
		199EF11227843F6900F073AA /* PersonInfo.swift */ = {isa = PBXFileReference; lastKnownFileType = sourcecode.swift; path = PersonInfo.swift; sourceTree = "<group>"; };
		199EF11627844E4400F073AA /* PersonCV.swift */ = {isa = PBXFileReference; lastKnownFileType = sourcecode.swift; path = PersonCV.swift; sourceTree = "<group>"; };
		19C1DC90278759EC00409CDC /* WebApi.swift */ = {isa = PBXFileReference; lastKnownFileType = sourcecode.swift; path = WebApi.swift; sourceTree = "<group>"; };
		19C1DC9327875A5900409CDC /* userModel.swift */ = {isa = PBXFileReference; lastKnownFileType = sourcecode.swift; path = userModel.swift; sourceTree = "<group>"; };
		19C1DC9527875C4900409CDC /* postModel.swift */ = {isa = PBXFileReference; lastKnownFileType = sourcecode.swift; path = postModel.swift; sourceTree = "<group>"; };
		19C1DC9727875D1800409CDC /* commentModel.swift */ = {isa = PBXFileReference; lastKnownFileType = sourcecode.swift; path = commentModel.swift; sourceTree = "<group>"; };
		19C1DC9927875D7C00409CDC /* albumModel.swift */ = {isa = PBXFileReference; lastKnownFileType = sourcecode.swift; path = albumModel.swift; sourceTree = "<group>"; };
		19C1DC9B27875DA800409CDC /* photoModel.swift */ = {isa = PBXFileReference; lastKnownFileType = sourcecode.swift; path = photoModel.swift; sourceTree = "<group>"; };
		19C1DC9D27875E2F00409CDC /* todoModel.swift */ = {isa = PBXFileReference; lastKnownFileType = sourcecode.swift; path = todoModel.swift; sourceTree = "<group>"; };
		19C1DC9F27875F1100409CDC /* jsonRepository.swift */ = {isa = PBXFileReference; lastKnownFileType = sourcecode.swift; path = jsonRepository.swift; sourceTree = "<group>"; };
		19C1DCA127875F3800409CDC /* jsonViewSample.swift */ = {isa = PBXFileReference; lastKnownFileType = sourcecode.swift; path = jsonViewSample.swift; sourceTree = "<group>"; };
		19C1DCA62787892500409CDC /* GenericRepository.swift */ = {isa = PBXFileReference; lastKnownFileType = sourcecode.swift; path = GenericRepository.swift; sourceTree = "<group>"; };
		19C1DCA82787896300409CDC /* jsonGenericRepoView.swift */ = {isa = PBXFileReference; lastKnownFileType = sourcecode.swift; path = jsonGenericRepoView.swift; sourceTree = "<group>"; };
		19C1DCAA27879C7400409CDC /* ProductModel.swift */ = {isa = PBXFileReference; lastKnownFileType = sourcecode.swift; path = ProductModel.swift; sourceTree = "<group>"; };
		19C1DCAC27879CB600409CDC /* ProductAlamofireExample.swift */ = {isa = PBXFileReference; lastKnownFileType = sourcecode.swift; path = ProductAlamofireExample.swift; sourceTree = "<group>"; };
		19C1DCAE2787A30A00409CDC /* GenericRepoView.swift */ = {isa = PBXFileReference; lastKnownFileType = sourcecode.swift; path = GenericRepoView.swift; sourceTree = "<group>"; };
		19C3860F27777F6D0020161F /* Swift-100days-Coding.app */ = {isa = PBXFileReference; explicitFileType = wrapper.application; includeInIndex = 0; path = "Swift-100days-Coding.app"; sourceTree = BUILT_PRODUCTS_DIR; };
		19C3861227777F6D0020161F /* Swift_100days_CodingApp.swift */ = {isa = PBXFileReference; lastKnownFileType = sourcecode.swift; path = Swift_100days_CodingApp.swift; sourceTree = "<group>"; };
		19C3861427777F6D0020161F /* ContentView.swift */ = {isa = PBXFileReference; lastKnownFileType = sourcecode.swift; path = ContentView.swift; sourceTree = "<group>"; };
		19C3861627777F6F0020161F /* Assets.xcassets */ = {isa = PBXFileReference; lastKnownFileType = folder.assetcatalog; path = Assets.xcassets; sourceTree = "<group>"; };
		19C3861927777F6F0020161F /* Preview Assets.xcassets */ = {isa = PBXFileReference; lastKnownFileType = folder.assetcatalog; path = "Preview Assets.xcassets"; sourceTree = "<group>"; };
		19C386232777900B0020161F /* SwiftUIView-1-Beginning.swift */ = {isa = PBXFileReference; lastKnownFileType = sourcecode.swift; path = "SwiftUIView-1-Beginning.swift"; sourceTree = "<group>"; };
		19C38626277B3E820020161F /* Product.swift */ = {isa = PBXFileReference; lastKnownFileType = sourcecode.swift; path = Product.swift; sourceTree = "<group>"; };
		19C38628277B3F210020161F /* ProductSampleView.swift */ = {isa = PBXFileReference; lastKnownFileType = sourcecode.swift; path = ProductSampleView.swift; sourceTree = "<group>"; };
		19D93041278639BA00628283 /* OrderModel.swift */ = {isa = PBXFileReference; lastKnownFileType = sourcecode.swift; path = OrderModel.swift; sourceTree = "<group>"; };
		19D93043278639CE00628283 /* OrderRepository.swift */ = {isa = PBXFileReference; lastKnownFileType = sourcecode.swift; path = OrderRepository.swift; sourceTree = "<group>"; };
		19D93045278639DF00628283 /* OrderView.swift */ = {isa = PBXFileReference; lastKnownFileType = sourcecode.swift; path = OrderView.swift; sourceTree = "<group>"; };
/* End PBXFileReference section */

/* Begin PBXFrameworksBuildPhase section */
		19C3860C27777F6D0020161F /* Frameworks */ = {
			isa = PBXFrameworksBuildPhase;
			buildActionMask = 2147483647;
			files = (
				19C1DCB22787A64F00409CDC /* URLImage in Frameworks */,
				19C1DCA52787883D00409CDC /* Alamofire in Frameworks */,
			);
			runOnlyForDeploymentPostprocessing = 0;
		};
/* End PBXFrameworksBuildPhase section */

/* Begin PBXGroup section */
		199EF1092781D6B700F073AA /* Model */ = {
			isa = PBXGroup;
			children = (
				199EF10A2781D6CE00F073AA /* E-Commer-item.swift */,
				199EF11227843F6900F073AA /* PersonInfo.swift */,
				19D93041278639BA00628283 /* OrderModel.swift */,
			);
			path = Model;
			sourceTree = "<group>";
		};
		19C1DC8F278759C800409CDC /* Config */ = {
			isa = PBXGroup;
			children = (
				19C1DC90278759EC00409CDC /* WebApi.swift */,
			);
			path = Config;
			sourceTree = "<group>";
		};
		19C1DC9227875A2D00409CDC /* jsonModel */ = {
			isa = PBXGroup;
			children = (
				19C1DC9327875A5900409CDC /* userModel.swift */,
				19C1DC9527875C4900409CDC /* postModel.swift */,
				19C1DC9727875D1800409CDC /* commentModel.swift */,
				19C1DC9927875D7C00409CDC /* albumModel.swift */,
				19C1DC9B27875DA800409CDC /* photoModel.swift */,
				19C1DC9D27875E2F00409CDC /* todoModel.swift */,
				19C1DCAA27879C7400409CDC /* ProductModel.swift */,
			);
			path = jsonModel;
			sourceTree = "<group>";
		};
		19C3860627777F6D0020161F = {
			isa = PBXGroup;
			children = (
				19C3861127777F6D0020161F /* Swift-100days-Coding */,
				19C3861027777F6D0020161F /* Products */,
			);
			sourceTree = "<group>";
		};
		19C3861027777F6D0020161F /* Products */ = {
			isa = PBXGroup;
			children = (
				19C3860F27777F6D0020161F /* Swift-100days-Coding.app */,
			);
			name = Products;
			sourceTree = "<group>";
		};
		19C3861127777F6D0020161F /* Swift-100days-Coding */ = {
			isa = PBXGroup;
			children = (
				19C1DC9227875A2D00409CDC /* jsonModel */,
				19C1DC8F278759C800409CDC /* Config */,
				199EF1092781D6B700F073AA /* Model */,
				19C38625277B3E6A0020161F /* Repository */,
				19C3862027778F6E0020161F /* View */,
				19C3861227777F6D0020161F /* Swift_100days_CodingApp.swift */,
				19C3861427777F6D0020161F /* ContentView.swift */,
				19C3861627777F6F0020161F /* Assets.xcassets */,
				19C3861827777F6F0020161F /* Preview Content */,
			);
			path = "Swift-100days-Coding";
			sourceTree = "<group>";
		};
		19C3861827777F6F0020161F /* Preview Content */ = {
			isa = PBXGroup;
			children = (
				19C3861927777F6F0020161F /* Preview Assets.xcassets */,
			);
			path = "Preview Content";
			sourceTree = "<group>";
		};
		19C3862027778F6E0020161F /* View */ = {
			isa = PBXGroup;
			children = (
				19C386232777900B0020161F /* SwiftUIView-1-Beginning.swift */,
				19C38628277B3F210020161F /* ProductSampleView.swift */,
				199EF1052781C01B00F073AA /* E-Commerce-View.swift */,
				199EF1072781C8BB00F073AA /* TabButtonView.swift */,
				199EF10C2781E4F700F073AA /* E-Commer-CardView.swift */,
				199EF10E2781F2D800F073AA /* E-CommerceDetail.swift */,
				199EF11027821ED400F073AA /* E-Com-CustomShape.swift */,
				199EF11627844E4400F073AA /* PersonCV.swift */,
				19D93045278639DF00628283 /* OrderView.swift */,
				19C1DCA127875F3800409CDC /* jsonViewSample.swift */,
				19C1DCA82787896300409CDC /* jsonGenericRepoView.swift */,
				19C1DCAC27879CB600409CDC /* ProductAlamofireExample.swift */,
				19C1DCAE2787A30A00409CDC /* GenericRepoView.swift */,
				1963A7242788F12C00B7E619 /* AddTodoView.swift */,
			);
			path = View;
			sourceTree = "<group>";
		};
		19C38625277B3E6A0020161F /* Repository */ = {
			isa = PBXGroup;
			children = (
				19C38626277B3E820020161F /* Product.swift */,
				199E2719277B8AB500CE6905 /* ProductCategory.swift */,
				199E271B277B9E6B00CE6905 /* ButtonStyle.swift */,
				19D93043278639CE00628283 /* OrderRepository.swift */,
				19C1DC9F27875F1100409CDC /* jsonRepository.swift */,
				19C1DCA62787892500409CDC /* GenericRepository.swift */,
				1963A7202788DF5A00B7E619 /* PostRepository.swift */,
				1963A7222788F08200B7E619 /* TodosRepository.swift */,
			);
			path = Repository;
			sourceTree = "<group>";
		};
/* End PBXGroup section */

/* Begin PBXNativeTarget section */
		19C3860E27777F6D0020161F /* Swift-100days-Coding */ = {
			isa = PBXNativeTarget;
			buildConfigurationList = 19C3861D27777F6F0020161F /* Build configuration list for PBXNativeTarget "Swift-100days-Coding" */;
			buildPhases = (
				19C3860B27777F6D0020161F /* Sources */,
				19C3860C27777F6D0020161F /* Frameworks */,
				19C3860D27777F6D0020161F /* Resources */,
			);
			buildRules = (
			);
			dependencies = (
			);
			name = "Swift-100days-Coding";
			packageProductDependencies = (
				19C1DCA42787883D00409CDC /* Alamofire */,
				19C1DCB12787A64F00409CDC /* URLImage */,
			);
			productName = "Swift-100days-Coding";
			productReference = 19C3860F27777F6D0020161F /* Swift-100days-Coding.app */;
			productType = "com.apple.product-type.application";
		};
/* End PBXNativeTarget section */

/* Begin PBXProject section */
		19C3860727777F6D0020161F /* Project object */ = {
			isa = PBXProject;
			attributes = {
				BuildIndependentTargetsInParallel = 1;
				LastSwiftUpdateCheck = 1320;
				LastUpgradeCheck = 1320;
				TargetAttributes = {
					19C3860E27777F6D0020161F = {
						CreatedOnToolsVersion = 13.2.1;
					};
				};
			};
			buildConfigurationList = 19C3860A27777F6D0020161F /* Build configuration list for PBXProject "Swift-100days-Coding" */;
			compatibilityVersion = "Xcode 13.0";
			developmentRegion = en;
			hasScannedForEncodings = 0;
			knownRegions = (
				en,
				Base,
			);
			mainGroup = 19C3860627777F6D0020161F;
			packageReferences = (
				19C1DCA32787883D00409CDC /* XCRemoteSwiftPackageReference "Alamofire" */,
				19C1DCB02787A64F00409CDC /* XCRemoteSwiftPackageReference "url-image" */,
			);
			productRefGroup = 19C3861027777F6D0020161F /* Products */;
			projectDirPath = "";
			projectRoot = "";
			targets = (
				19C3860E27777F6D0020161F /* Swift-100days-Coding */,
			);
		};
/* End PBXProject section */

/* Begin PBXResourcesBuildPhase section */
		19C3860D27777F6D0020161F /* Resources */ = {
			isa = PBXResourcesBuildPhase;
			buildActionMask = 2147483647;
			files = (
				19C3861A27777F6F0020161F /* Preview Assets.xcassets in Resources */,
				19C3861727777F6F0020161F /* Assets.xcassets in Resources */,
			);
			runOnlyForDeploymentPostprocessing = 0;
		};
/* End PBXResourcesBuildPhase section */

/* Begin PBXSourcesBuildPhase section */
		19C3860B27777F6D0020161F /* Sources */ = {
			isa = PBXSourcesBuildPhase;
			buildActionMask = 2147483647;
			files = (
				19C38629277B3F210020161F /* ProductSampleView.swift in Sources */,
				1963A7212788DF5A00B7E619 /* PostRepository.swift in Sources */,
				199EF10F2781F2D800F073AA /* E-CommerceDetail.swift in Sources */,
				19C1DC9E27875E2F00409CDC /* todoModel.swift in Sources */,
				19C1DCA72787892500409CDC /* GenericRepository.swift in Sources */,
				199E271A277B8AB500CE6905 /* ProductCategory.swift in Sources */,
				19C1DCA227875F3800409CDC /* jsonViewSample.swift in Sources */,
				19D93044278639CE00628283 /* OrderRepository.swift in Sources */,
				199EF1082781C8BB00F073AA /* TabButtonView.swift in Sources */,
				1963A7252788F12C00B7E619 /* AddTodoView.swift in Sources */,
				19C1DC9627875C4900409CDC /* postModel.swift in Sources */,
				19D93042278639BB00628283 /* OrderModel.swift in Sources */,
				19C1DCAD27879CB600409CDC /* ProductAlamofireExample.swift in Sources */,
				199EF11727844E4400F073AA /* PersonCV.swift in Sources */,
				19C3861527777F6D0020161F /* ContentView.swift in Sources */,
				19C38627277B3E830020161F /* Product.swift in Sources */,
				1963A7232788F08200B7E619 /* TodosRepository.swift in Sources */,
				19C3861327777F6D0020161F /* Swift_100days_CodingApp.swift in Sources */,
				199EF1062781C01B00F073AA /* E-Commerce-View.swift in Sources */,
				199EF11327843F6900F073AA /* PersonInfo.swift in Sources */,
				199EF11127821ED400F073AA /* E-Com-CustomShape.swift in Sources */,
				19C1DC9C27875DA800409CDC /* photoModel.swift in Sources */,
				199EF10B2781D6CE00F073AA /* E-Commer-item.swift in Sources */,
				19C1DCAB27879C7400409CDC /* ProductModel.swift in Sources */,
				19C386242777900B0020161F /* SwiftUIView-1-Beginning.swift in Sources */,
				19D93046278639DF00628283 /* OrderView.swift in Sources */,
				19C1DCA027875F1100409CDC /* jsonRepository.swift in Sources */,
				199E271C277B9E6B00CE6905 /* ButtonStyle.swift in Sources */,
				19C1DCA92787896300409CDC /* jsonGenericRepoView.swift in Sources */,
				199EF10D2781E4F700F073AA /* E-Commer-CardView.swift in Sources */,
				19C1DC9827875D1800409CDC /* commentModel.swift in Sources */,
				19C1DC9427875A5900409CDC /* userModel.swift in Sources */,
				19C1DC9A27875D7C00409CDC /* albumModel.swift in Sources */,
				19C1DCAF2787A30A00409CDC /* GenericRepoView.swift in Sources */,
				19C1DC91278759EC00409CDC /* WebApi.swift in Sources */,
			);
			runOnlyForDeploymentPostprocessing = 0;
		};
/* End PBXSourcesBuildPhase section */

/* Begin XCBuildConfiguration section */
		19C3861B27777F6F0020161F /* Debug */ = {
			isa = XCBuildConfiguration;
			buildSettings = {
				ALWAYS_SEARCH_USER_PATHS = NO;
				CLANG_ANALYZER_NONNULL = YES;
				CLANG_ANALYZER_NUMBER_OBJECT_CONVERSION = YES_AGGRESSIVE;
				CLANG_CXX_LANGUAGE_STANDARD = "gnu++17";
				CLANG_CXX_LIBRARY = "libc++";
				CLANG_ENABLE_MODULES = YES;
				CLANG_ENABLE_OBJC_ARC = YES;
				CLANG_ENABLE_OBJC_WEAK = YES;
				CLANG_WARN_BLOCK_CAPTURE_AUTORELEASING = YES;
				CLANG_WARN_BOOL_CONVERSION = YES;
				CLANG_WARN_COMMA = YES;
				CLANG_WARN_CONSTANT_CONVERSION = YES;
				CLANG_WARN_DEPRECATED_OBJC_IMPLEMENTATIONS = YES;
				CLANG_WARN_DIRECT_OBJC_ISA_USAGE = YES_ERROR;
				CLANG_WARN_DOCUMENTATION_COMMENTS = YES;
				CLANG_WARN_EMPTY_BODY = YES;
				CLANG_WARN_ENUM_CONVERSION = YES;
				CLANG_WARN_INFINITE_RECURSION = YES;
				CLANG_WARN_INT_CONVERSION = YES;
				CLANG_WARN_NON_LITERAL_NULL_CONVERSION = YES;
				CLANG_WARN_OBJC_IMPLICIT_RETAIN_SELF = YES;
				CLANG_WARN_OBJC_LITERAL_CONVERSION = YES;
				CLANG_WARN_OBJC_ROOT_CLASS = YES_ERROR;
				CLANG_WARN_QUOTED_INCLUDE_IN_FRAMEWORK_HEADER = YES;
				CLANG_WARN_RANGE_LOOP_ANALYSIS = YES;
				CLANG_WARN_STRICT_PROTOTYPES = YES;
				CLANG_WARN_SUSPICIOUS_MOVE = YES;
				CLANG_WARN_UNGUARDED_AVAILABILITY = YES_AGGRESSIVE;
				CLANG_WARN_UNREACHABLE_CODE = YES;
				CLANG_WARN__DUPLICATE_METHOD_MATCH = YES;
				COPY_PHASE_STRIP = NO;
				DEBUG_INFORMATION_FORMAT = dwarf;
				ENABLE_STRICT_OBJC_MSGSEND = YES;
				ENABLE_TESTABILITY = YES;
				GCC_C_LANGUAGE_STANDARD = gnu11;
				GCC_DYNAMIC_NO_PIC = NO;
				GCC_NO_COMMON_BLOCKS = YES;
				GCC_OPTIMIZATION_LEVEL = 0;
				GCC_PREPROCESSOR_DEFINITIONS = (
					"DEBUG=1",
					"$(inherited)",
				);
				GCC_WARN_64_TO_32_BIT_CONVERSION = YES;
				GCC_WARN_ABOUT_RETURN_TYPE = YES_ERROR;
				GCC_WARN_UNDECLARED_SELECTOR = YES;
				GCC_WARN_UNINITIALIZED_AUTOS = YES_AGGRESSIVE;
				GCC_WARN_UNUSED_FUNCTION = YES;
				GCC_WARN_UNUSED_VARIABLE = YES;
				IPHONEOS_DEPLOYMENT_TARGET = 15.2;
				MTL_ENABLE_DEBUG_INFO = INCLUDE_SOURCE;
				MTL_FAST_MATH = YES;
				ONLY_ACTIVE_ARCH = YES;
				SDKROOT = iphoneos;
				SWIFT_ACTIVE_COMPILATION_CONDITIONS = DEBUG;
				SWIFT_OPTIMIZATION_LEVEL = "-Onone";
			};
			name = Debug;
		};
		19C3861C27777F6F0020161F /* Release */ = {
			isa = XCBuildConfiguration;
			buildSettings = {
				ALWAYS_SEARCH_USER_PATHS = NO;
				CLANG_ANALYZER_NONNULL = YES;
				CLANG_ANALYZER_NUMBER_OBJECT_CONVERSION = YES_AGGRESSIVE;
				CLANG_CXX_LANGUAGE_STANDARD = "gnu++17";
				CLANG_CXX_LIBRARY = "libc++";
				CLANG_ENABLE_MODULES = YES;
				CLANG_ENABLE_OBJC_ARC = YES;
				CLANG_ENABLE_OBJC_WEAK = YES;
				CLANG_WARN_BLOCK_CAPTURE_AUTORELEASING = YES;
				CLANG_WARN_BOOL_CONVERSION = YES;
				CLANG_WARN_COMMA = YES;
				CLANG_WARN_CONSTANT_CONVERSION = YES;
				CLANG_WARN_DEPRECATED_OBJC_IMPLEMENTATIONS = YES;
				CLANG_WARN_DIRECT_OBJC_ISA_USAGE = YES_ERROR;
				CLANG_WARN_DOCUMENTATION_COMMENTS = YES;
				CLANG_WARN_EMPTY_BODY = YES;
				CLANG_WARN_ENUM_CONVERSION = YES;
				CLANG_WARN_INFINITE_RECURSION = YES;
				CLANG_WARN_INT_CONVERSION = YES;
				CLANG_WARN_NON_LITERAL_NULL_CONVERSION = YES;
				CLANG_WARN_OBJC_IMPLICIT_RETAIN_SELF = YES;
				CLANG_WARN_OBJC_LITERAL_CONVERSION = YES;
				CLANG_WARN_OBJC_ROOT_CLASS = YES_ERROR;
				CLANG_WARN_QUOTED_INCLUDE_IN_FRAMEWORK_HEADER = YES;
				CLANG_WARN_RANGE_LOOP_ANALYSIS = YES;
				CLANG_WARN_STRICT_PROTOTYPES = YES;
				CLANG_WARN_SUSPICIOUS_MOVE = YES;
				CLANG_WARN_UNGUARDED_AVAILABILITY = YES_AGGRESSIVE;
				CLANG_WARN_UNREACHABLE_CODE = YES;
				CLANG_WARN__DUPLICATE_METHOD_MATCH = YES;
				COPY_PHASE_STRIP = NO;
				DEBUG_INFORMATION_FORMAT = "dwarf-with-dsym";
				ENABLE_NS_ASSERTIONS = NO;
				ENABLE_STRICT_OBJC_MSGSEND = YES;
				GCC_C_LANGUAGE_STANDARD = gnu11;
				GCC_NO_COMMON_BLOCKS = YES;
				GCC_WARN_64_TO_32_BIT_CONVERSION = YES;
				GCC_WARN_ABOUT_RETURN_TYPE = YES_ERROR;
				GCC_WARN_UNDECLARED_SELECTOR = YES;
				GCC_WARN_UNINITIALIZED_AUTOS = YES_AGGRESSIVE;
				GCC_WARN_UNUSED_FUNCTION = YES;
				GCC_WARN_UNUSED_VARIABLE = YES;
				IPHONEOS_DEPLOYMENT_TARGET = 15.2;
				MTL_ENABLE_DEBUG_INFO = NO;
				MTL_FAST_MATH = YES;
				SDKROOT = iphoneos;
				SWIFT_COMPILATION_MODE = wholemodule;
				SWIFT_OPTIMIZATION_LEVEL = "-O";
				VALIDATE_PRODUCT = YES;
			};
			name = Release;
		};
		19C3861E27777F6F0020161F /* Debug */ = {
			isa = XCBuildConfiguration;
			buildSettings = {
				ASSETCATALOG_COMPILER_APPICON_NAME = AppIcon;
				ASSETCATALOG_COMPILER_GLOBAL_ACCENT_COLOR_NAME = AccentColor;
				CODE_SIGN_STYLE = Automatic;
				CURRENT_PROJECT_VERSION = 1;
				DEVELOPMENT_ASSET_PATHS = "\"Swift-100days-Coding/Preview Content\"";
				DEVELOPMENT_TEAM = BA6M3VZU3M;
				ENABLE_PREVIEWS = YES;
				GENERATE_INFOPLIST_FILE = YES;
				INFOPLIST_KEY_UIApplicationSceneManifest_Generation = YES;
				INFOPLIST_KEY_UIApplicationSupportsIndirectInputEvents = YES;
				INFOPLIST_KEY_UILaunchScreen_Generation = YES;
				INFOPLIST_KEY_UISupportedInterfaceOrientations_iPad = "UIInterfaceOrientationPortrait UIInterfaceOrientationPortraitUpsideDown UIInterfaceOrientationLandscapeLeft UIInterfaceOrientationLandscapeRight";
				INFOPLIST_KEY_UISupportedInterfaceOrientations_iPhone = "UIInterfaceOrientationPortrait UIInterfaceOrientationLandscapeLeft UIInterfaceOrientationLandscapeRight";
				LD_RUNPATH_SEARCH_PATHS = (
					"$(inherited)",
					"@executable_path/Frameworks",
				);
				MARKETING_VERSION = 1.0;
				PRODUCT_BUNDLE_IDENTIFIER = "burakcakir.Swift-100days-Coding";
				PRODUCT_NAME = "$(TARGET_NAME)";
				SWIFT_EMIT_LOC_STRINGS = YES;
				SWIFT_VERSION = 5.0;
				TARGETED_DEVICE_FAMILY = "1,2";
			};
			name = Debug;
		};
		19C3861F27777F6F0020161F /* Release */ = {
			isa = XCBuildConfiguration;
			buildSettings = {
				ASSETCATALOG_COMPILER_APPICON_NAME = AppIcon;
				ASSETCATALOG_COMPILER_GLOBAL_ACCENT_COLOR_NAME = AccentColor;
				CODE_SIGN_STYLE = Automatic;
				CURRENT_PROJECT_VERSION = 1;
				DEVELOPMENT_ASSET_PATHS = "\"Swift-100days-Coding/Preview Content\"";
				DEVELOPMENT_TEAM = BA6M3VZU3M;
				ENABLE_PREVIEWS = YES;
				GENERATE_INFOPLIST_FILE = YES;
				INFOPLIST_KEY_UIApplicationSceneManifest_Generation = YES;
				INFOPLIST_KEY_UIApplicationSupportsIndirectInputEvents = YES;
				INFOPLIST_KEY_UILaunchScreen_Generation = YES;
				INFOPLIST_KEY_UISupportedInterfaceOrientations_iPad = "UIInterfaceOrientationPortrait UIInterfaceOrientationPortraitUpsideDown UIInterfaceOrientationLandscapeLeft UIInterfaceOrientationLandscapeRight";
				INFOPLIST_KEY_UISupportedInterfaceOrientations_iPhone = "UIInterfaceOrientationPortrait UIInterfaceOrientationLandscapeLeft UIInterfaceOrientationLandscapeRight";
				LD_RUNPATH_SEARCH_PATHS = (
					"$(inherited)",
					"@executable_path/Frameworks",
				);
				MARKETING_VERSION = 1.0;
				PRODUCT_BUNDLE_IDENTIFIER = "burakcakir.Swift-100days-Coding";
				PRODUCT_NAME = "$(TARGET_NAME)";
				SWIFT_EMIT_LOC_STRINGS = YES;
				SWIFT_VERSION = 5.0;
				TARGETED_DEVICE_FAMILY = "1,2";
			};
			name = Release;
		};
/* End XCBuildConfiguration section */

/* Begin XCConfigurationList section */
		19C3860A27777F6D0020161F /* Build configuration list for PBXProject "Swift-100days-Coding" */ = {
			isa = XCConfigurationList;
			buildConfigurations = (
				19C3861B27777F6F0020161F /* Debug */,
				19C3861C27777F6F0020161F /* Release */,
			);
			defaultConfigurationIsVisible = 0;
			defaultConfigurationName = Release;
		};
		19C3861D27777F6F0020161F /* Build configuration list for PBXNativeTarget "Swift-100days-Coding" */ = {
			isa = XCConfigurationList;
			buildConfigurations = (
				19C3861E27777F6F0020161F /* Debug */,
				19C3861F27777F6F0020161F /* Release */,
			);
			defaultConfigurationIsVisible = 0;
			defaultConfigurationName = Release;
		};
/* End XCConfigurationList section */

/* Begin XCRemoteSwiftPackageReference section */
		19C1DCA32787883D00409CDC /* XCRemoteSwiftPackageReference "Alamofire" */ = {
			isa = XCRemoteSwiftPackageReference;
			repositoryURL = "https://github.com/Alamofire/Alamofire.git";
			requirement = {
				branch = master;
				kind = branch;
			};
		};
		19C1DCB02787A64F00409CDC /* XCRemoteSwiftPackageReference "url-image" */ = {
			isa = XCRemoteSwiftPackageReference;
			repositoryURL = "https://github.com/dmytro-anokhin/url-image";
			requirement = {
				kind = upToNextMajorVersion;
				minimumVersion = 3.0.0;
			};
		};
/* End XCRemoteSwiftPackageReference section */

/* Begin XCSwiftPackageProductDependency section */
		19C1DCA42787883D00409CDC /* Alamofire */ = {
			isa = XCSwiftPackageProductDependency;
			package = 19C1DCA32787883D00409CDC /* XCRemoteSwiftPackageReference "Alamofire" */;
			productName = Alamofire;
		};
		19C1DCB12787A64F00409CDC /* URLImage */ = {
			isa = XCSwiftPackageProductDependency;
			package = 19C1DCB02787A64F00409CDC /* XCRemoteSwiftPackageReference "url-image" */;
			productName = URLImage;
		};
/* End XCSwiftPackageProductDependency section */
	};
	rootObject = 19C3860727777F6D0020161F /* Project object */;
}
